<Solution>
  <Folder Name="/Solution Items/">
    <File Path="Fss.json" />
  </Folder>
  <Project Path="WebTemplateFSS.Style/WebTemplateFSS.Style.fsproj" Id="d7462a7b-8a1b-4552-9f34-4adf17b8e0c3" />
  <Project Path="WebTemplateFss.GeneratedStyles/WebTemplateFss.GeneratedStyles.fsproj" />
  <Project Path="WebTemplateFSS.Web/WebTemplateFSS.Web.fsproj" />
</Solution>
